
Microsoft Visual Studio Solution File, Format Version 12.00
# Visual Studio 15
VisualStudioVersion = 15.0.26730.12
MinimumVisualStudioVersion = 10.0.40219.1
Project("{FAE04EC0-301F-11D3-BF4B-00C04F79EFBC}") = "FirstXamarin.Android", "FirstXamarin\FirstXamarin.Android\FirstXamarin.Android.csproj", "{67BB77F8-5148-40FA-AC0E-8F3690CE50C7}"
EndProject
Project("{FAE04EC0-301F-11D3-BF4B-00C04F79EFBC}") = "FirstXamarin", "FirstXamarin\FirstXamarin\FirstXamarin.csproj", "{9EF28756-C906-46B8-870C-19D8E62882B0}"
EndProject
Project("{FAE04EC0-301F-11D3-BF4B-00C04F79EFBC}") = "FirstXamarin.UWP", "FirstXamarin\FirstXamarin.UWP\FirstXamarin.UWP.csproj", "{4B699CDF-EA27-4B99-B821-E223FF6742BC}"
EndProject
Project("{FAE04EC0-301F-11D3-BF4B-00C04F79EFBC}") = "FirstXamarin.iOS", "FirstXamarin\FirstXamarin.iOS\FirstXamarin.iOS.csproj", "{76A151E2-4F0C-4E52-9CD2-09CF3BA5E53B}"
EndProject
Global
	GlobalSection(SolutionConfigurationPlatforms) = preSolution
		Ad-Hoc|Any CPU = Ad-Hoc|Any CPU
		Ad-Hoc|ARM = Ad-Hoc|ARM
		Ad-Hoc|iPhone = Ad-Hoc|iPhone
		Ad-Hoc|iPhoneSimulator = Ad-Hoc|iPhoneSimulator
		Ad-Hoc|x64 = Ad-Hoc|x64
		Ad-Hoc|x86 = Ad-Hoc|x86
		AppStore|Any CPU = AppStore|Any CPU
		AppStore|ARM = AppStore|ARM
		AppStore|iPhone = AppStore|iPhone
		AppStore|iPhoneSimulator = AppStore|iPhoneSimulator
		AppStore|x64 = AppStore|x64
		AppStore|x86 = AppStore|x86
		Debug|Any CPU = Debug|Any CPU
		Debug|ARM = Debug|ARM
		Debug|iPhone = Debug|iPhone
		Debug|iPhoneSimulator = Debug|iPhoneSimulator
		Debug|x64 = Debug|x64
		Debug|x86 = Debug|x86
		Release|Any CPU = Release|Any CPU
		Release|ARM = Release|ARM
		Release|iPhone = Release|iPhone
		Release|iPhoneSimulator = Release|iPhoneSimulator
		Release|x64 = Release|x64
		Release|x86 = Release|x86
	EndGlobalSection
	GlobalSection(ProjectConfigurationPlatforms) = postSolution
		{67BB77F8-5148-40FA-AC0E-8F3690CE50C7}.Ad-Hoc|Any CPU.ActiveCfg = Release|Any CPU
		{67BB77F8-5148-40FA-AC0E-8F3690CE50C7}.Ad-Hoc|Any CPU.Build.0 = Release|Any CPU
		{67BB77F8-5148-40FA-AC0E-8F3690CE50C7}.Ad-Hoc|Any CPU.Deploy.0 = Release|Any CPU
		{67BB77F8-5148-40FA-AC0E-8F3690CE50C7}.Ad-Hoc|ARM.ActiveCfg = Release|Any CPU
		{67BB77F8-5148-40FA-AC0E-8F3690CE50C7}.Ad-Hoc|ARM.Build.0 = Release|Any CPU
		{67BB77F8-5148-40FA-AC0E-8F3690CE50C7}.Ad-Hoc|ARM.Deploy.0 = Release|Any CPU
		{67BB77F8-5148-40FA-AC0E-8F3690CE50C7}.Ad-Hoc|iPhone.ActiveCfg = Release|Any CPU
		{67BB77F8-5148-40FA-AC0E-8F3690CE50C7}.Ad-Hoc|iPhone.Build.0 = Release|Any CPU
		{67BB77F8-5148-40FA-AC0E-8F3690CE50C7}.Ad-Hoc|iPhone.Deploy.0 = Release|Any CPU
		{67BB77F8-5148-40FA-AC0E-8F3690CE50C7}.Ad-Hoc|iPhoneSimulator.ActiveCfg = Release|Any CPU
		{67BB77F8-5148-40FA-AC0E-8F3690CE50C7}.Ad-Hoc|iPhoneSimulator.Build.0 = Release|Any CPU
		{67BB77F8-5148-40FA-AC0E-8F3690CE50C7}.Ad-Hoc|iPhoneSimulator.Deploy.0 = Release|Any CPU
		{67BB77F8-5148-40FA-AC0E-8F3690CE50C7}.Ad-Hoc|x64.ActiveCfg = Release|Any CPU
		{67BB77F8-5148-40FA-AC0E-8F3690CE50C7}.Ad-Hoc|x64.Build.0 = Release|Any CPU
		{67BB77F8-5148-40FA-AC0E-8F3690CE50C7}.Ad-Hoc|x64.Deploy.0 = Release|Any CPU
		{67BB77F8-5148-40FA-AC0E-8F3690CE50C7}.Ad-Hoc|x86.ActiveCfg = Release|Any CPU
		{67BB77F8-5148-40FA-AC0E-8F3690CE50C7}.Ad-Hoc|x86.Build.0 = Release|Any CPU
		{67BB77F8-5148-40FA-AC0E-8F3690CE50C7}.Ad-Hoc|x86.Deploy.0 = Release|Any CPU
		{67BB77F8-5148-40FA-AC0E-8F3690CE50C7}.AppStore|Any CPU.ActiveCfg = Release|Any CPU
		{67BB77F8-5148-40FA-AC0E-8F3690CE50C7}.AppStore|Any CPU.Build.0 = Release|Any CPU
		{67BB77F8-5148-40FA-AC0E-8F3690CE50C7}.AppStore|Any CPU.Deploy.0 = Release|Any CPU
		{67BB77F8-5148-40FA-AC0E-8F3690CE50C7}.AppStore|ARM.ActiveCfg = Release|Any CPU
		{67BB77F8-5148-40FA-AC0E-8F3690CE50C7}.AppStore|ARM.Build.0 = Release|Any CPU
		{67BB77F8-5148-40FA-AC0E-8F3690CE50C7}.AppStore|ARM.Deploy.0 = Release|Any CPU
		{67BB77F8-5148-40FA-AC0E-8F3690CE50C7}.AppStore|iPhone.ActiveCfg = Release|Any CPU
		{67BB77F8-5148-40FA-AC0E-8F3690CE50C7}.AppStore|iPhone.Build.0 = Release|Any CPU
		{67BB77F8-5148-40FA-AC0E-8F3690CE50C7}.AppStore|iPhone.Deploy.0 = Release|Any CPU
		{67BB77F8-5148-40FA-AC0E-8F3690CE50C7}.AppStore|iPhoneSimulator.ActiveCfg = Release|Any CPU
		{67BB77F8-5148-40FA-AC0E-8F3690CE50C7}.AppStore|iPhoneSimulator.Build.0 = Release|Any CPU
		{67BB77F8-5148-40FA-AC0E-8F3690CE50C7}.AppStore|iPhoneSimulator.Deploy.0 = Release|Any CPU
		{67BB77F8-5148-40FA-AC0E-8F3690CE50C7}.AppStore|x64.ActiveCfg = Release|Any CPU
		{67BB77F8-5148-40FA-AC0E-8F3690CE50C7}.AppStore|x64.Build.0 = Release|Any CPU
		{67BB77F8-5148-40FA-AC0E-8F3690CE50C7}.AppStore|x64.Deploy.0 = Release|Any CPU
		{67BB77F8-5148-40FA-AC0E-8F3690CE50C7}.AppStore|x86.ActiveCfg = Release|Any CPU
		{67BB77F8-5148-40FA-AC0E-8F3690CE50C7}.AppStore|x86.Build.0 = Release|Any CPU
		{67BB77F8-5148-40FA-AC0E-8F3690CE50C7}.AppStore|x86.Deploy.0 = Release|Any CPU
		{67BB77F8-5148-40FA-AC0E-8F3690CE50C7}.Debug|Any CPU.ActiveCfg = Debug|Any CPU
		{67BB77F8-5148-40FA-AC0E-8F3690CE50C7}.Debug|Any CPU.Build.0 = Debug|Any CPU
		{67BB77F8-5148-40FA-AC0E-8F3690CE50C7}.Debug|Any CPU.Deploy.0 = Debug|Any CPU
		{67BB77F8-5148-40FA-AC0E-8F3690CE50C7}.Debug|ARM.ActiveCfg = Debug|Any CPU
		{67BB77F8-5148-40FA-AC0E-8F3690CE50C7}.Debug|ARM.Build.0 = Debug|Any CPU
		{67BB77F8-5148-40FA-AC0E-8F3690CE50C7}.Debug|ARM.Deploy.0 = Debug|Any CPU
		{67BB77F8-5148-40FA-AC0E-8F3690CE50C7}.Debug|iPhone.ActiveCfg = Debug|Any CPU
		{67BB77F8-5148-40FA-AC0E-8F3690CE50C7}.Debug|iPhone.Build.0 = Debug|Any CPU
		{67BB77F8-5148-40FA-AC0E-8F3690CE50C7}.Debug|iPhone.Deploy.0 = Debug|Any CPU
		{67BB77F8-5148-40FA-AC0E-8F3690CE50C7}.Debug|iPhoneSimulator.ActiveCfg = Debug|Any CPU
		{67BB77F8-5148-40FA-AC0E-8F3690CE50C7}.Debug|iPhoneSimulator.Build.0 = Debug|Any CPU
		{67BB77F8-5148-40FA-AC0E-8F3690CE50C7}.Debug|iPhoneSimulator.Deploy.0 = Debug|Any CPU
		{67BB77F8-5148-40FA-AC0E-8F3690CE50C7}.Debug|x64.ActiveCfg = Debug|Any CPU
		{67BB77F8-5148-40FA-AC0E-8F3690CE50C7}.Debug|x64.Build.0 = Debug|Any CPU
		{67BB77F8-5148-40FA-AC0E-8F3690CE50C7}.Debug|x64.Deploy.0 = Debug|Any CPU
		{67BB77F8-5148-40FA-AC0E-8F3690CE50C7}.Debug|x86.ActiveCfg = Debug|Any CPU
		{67BB77F8-5148-40FA-AC0E-8F3690CE50C7}.Debug|x86.Build.0 = Debug|Any CPU
		{67BB77F8-5148-40FA-AC0E-8F3690CE50C7}.Debug|x86.Deploy.0 = Debug|Any CPU
		{67BB77F8-5148-40FA-AC0E-8F3690CE50C7}.Release|Any CPU.ActiveCfg = Release|Any CPU
		{67BB77F8-5148-40FA-AC0E-8F3690CE50C7}.Release|Any CPU.Build.0 = Release|Any CPU
		{67BB77F8-5148-40FA-AC0E-8F3690CE50C7}.Release|Any CPU.Deploy.0 = Release|Any CPU
		{67BB77F8-5148-40FA-AC0E-8F3690CE50C7}.Release|ARM.ActiveCfg = Release|Any CPU
		{67BB77F8-5148-40FA-AC0E-8F3690CE50C7}.Release|ARM.Build.0 = Release|Any CPU
		{67BB77F8-5148-40FA-AC0E-8F3690CE50C7}.Release|ARM.Deploy.0 = Release|Any CPU
		{67BB77F8-5148-40FA-AC0E-8F3690CE50C7}.Release|iPhone.ActiveCfg = Release|Any CPU
		{67BB77F8-5148-40FA-AC0E-8F3690CE50C7}.Release|iPhone.Build.0 = Release|Any CPU
		{67BB77F8-5148-40FA-AC0E-8F3690CE50C7}.Release|iPhone.Deploy.0 = Release|Any CPU
		{67BB77F8-5148-40FA-AC0E-8F3690CE50C7}.Release|iPhoneSimulator.ActiveCfg = Release|Any CPU
		{67BB77F8-5148-40FA-AC0E-8F3690CE50C7}.Release|iPhoneSimulator.Build.0 = Release|Any CPU
		{67BB77F8-5148-40FA-AC0E-8F3690CE50C7}.Release|iPhoneSimulator.Deploy.0 = Release|Any CPU
		{67BB77F8-5148-40FA-AC0E-8F3690CE50C7}.Release|x64.ActiveCfg = Release|Any CPU
		{67BB77F8-5148-40FA-AC0E-8F3690CE50C7}.Release|x64.Build.0 = Release|Any CPU
		{67BB77F8-5148-40FA-AC0E-8F3690CE50C7}.Release|x64.Deploy.0 = Release|Any CPU
		{67BB77F8-5148-40FA-AC0E-8F3690CE50C7}.Release|x86.ActiveCfg = Release|Any CPU
		{67BB77F8-5148-40FA-AC0E-8F3690CE50C7}.Release|x86.Build.0 = Release|Any CPU
		{67BB77F8-5148-40FA-AC0E-8F3690CE50C7}.Release|x86.Deploy.0 = Release|Any CPU
		{9EF28756-C906-46B8-870C-19D8E62882B0}.Ad-Hoc|Any CPU.ActiveCfg = Release|Any CPU
		{9EF28756-C906-46B8-870C-19D8E62882B0}.Ad-Hoc|Any CPU.Build.0 = Release|Any CPU
		{9EF28756-C906-46B8-870C-19D8E62882B0}.Ad-Hoc|ARM.ActiveCfg = Release|Any CPU
		{9EF28756-C906-46B8-870C-19D8E62882B0}.Ad-Hoc|ARM.Build.0 = Release|Any CPU
		{9EF28756-C906-46B8-870C-19D8E62882B0}.Ad-Hoc|iPhone.ActiveCfg = Release|Any CPU
		{9EF28756-C906-46B8-870C-19D8E62882B0}.Ad-Hoc|iPhone.Build.0 = Release|Any CPU
		{9EF28756-C906-46B8-870C-19D8E62882B0}.Ad-Hoc|iPhoneSimulator.ActiveCfg = Release|Any CPU
		{9EF28756-C906-46B8-870C-19D8E62882B0}.Ad-Hoc|iPhoneSimulator.Build.0 = Release|Any CPU
		{9EF28756-C906-46B8-870C-19D8E62882B0}.Ad-Hoc|x64.ActiveCfg = Release|Any CPU
		{9EF28756-C906-46B8-870C-19D8E62882B0}.Ad-Hoc|x64.Build.0 = Release|Any CPU
		{9EF28756-C906-46B8-870C-19D8E62882B0}.Ad-Hoc|x86.ActiveCfg = Release|Any CPU
		{9EF28756-C906-46B8-870C-19D8E62882B0}.Ad-Hoc|x86.Build.0 = Release|Any CPU
		{9EF28756-C906-46B8-870C-19D8E62882B0}.AppStore|Any CPU.ActiveCfg = Release|Any CPU
		{9EF28756-C906-46B8-870C-19D8E62882B0}.AppStore|Any CPU.Build.0 = Release|Any CPU
		{9EF28756-C906-46B8-870C-19D8E62882B0}.AppStore|ARM.ActiveCfg = Release|Any CPU
		{9EF28756-C906-46B8-870C-19D8E62882B0}.AppStore|ARM.Build.0 = Release|Any CPU
		{9EF28756-C906-46B8-870C-19D8E62882B0}.AppStore|iPhone.ActiveCfg = Release|Any CPU
		{9EF28756-C906-46B8-870C-19D8E62882B0}.AppStore|iPhone.Build.0 = Release|Any CPU
		{9EF28756-C906-46B8-870C-19D8E62882B0}.AppStore|iPhoneSimulator.ActiveCfg = Release|Any CPU
		{9EF28756-C906-46B8-870C-19D8E62882B0}.AppStore|iPhoneSimulator.Build.0 = Release|Any CPU
		{9EF28756-C906-46B8-870C-19D8E62882B0}.AppStore|x64.ActiveCfg = Release|Any CPU
		{9EF28756-C906-46B8-870C-19D8E62882B0}.AppStore|x64.Build.0 = Release|Any CPU
		{9EF28756-C906-46B8-870C-19D8E62882B0}.AppStore|x86.ActiveCfg = Release|Any CPU
		{9EF28756-C906-46B8-870C-19D8E62882B0}.AppStore|x86.Build.0 = Release|Any CPU
		{9EF28756-C906-46B8-870C-19D8E62882B0}.Debug|Any CPU.ActiveCfg = Debug|Any CPU
		{9EF28756-C906-46B8-870C-19D8E62882B0}.Debug|Any CPU.Build.0 = Debug|Any CPU
		{9EF28756-C906-46B8-870C-19D8E62882B0}.Debug|ARM.ActiveCfg = Debug|Any CPU
		{9EF28756-C906-46B8-870C-19D8E62882B0}.Debug|ARM.Build.0 = Debug|Any CPU
		{9EF28756-C906-46B8-870C-19D8E62882B0}.Debug|iPhone.ActiveCfg = Debug|Any CPU
		{9EF28756-C906-46B8-870C-19D8E62882B0}.Debug|iPhone.Build.0 = Debug|Any CPU
		{9EF28756-C906-46B8-870C-19D8E62882B0}.Debug|iPhoneSimulator.ActiveCfg = Debug|Any CPU
		{9EF28756-C906-46B8-870C-19D8E62882B0}.Debug|iPhoneSimulator.Build.0 = Debug|Any CPU
		{9EF28756-C906-46B8-870C-19D8E62882B0}.Debug|x64.ActiveCfg = Debug|Any CPU
		{9EF28756-C906-46B8-870C-19D8E62882B0}.Debug|x64.Build.0 = Debug|Any CPU
		{9EF28756-C906-46B8-870C-19D8E62882B0}.Debug|x86.ActiveCfg = Debug|Any CPU
		{9EF28756-C906-46B8-870C-19D8E62882B0}.Debug|x86.Build.0 = Debug|Any CPU
		{9EF28756-C906-46B8-870C-19D8E62882B0}.Release|Any CPU.ActiveCfg = Release|Any CPU
		{9EF28756-C906-46B8-870C-19D8E62882B0}.Release|Any CPU.Build.0 = Release|Any CPU
		{9EF28756-C906-46B8-870C-19D8E62882B0}.Release|ARM.ActiveCfg = Release|Any CPU
		{9EF28756-C906-46B8-870C-19D8E62882B0}.Release|ARM.Build.0 = Release|Any CPU
		{9EF28756-C906-46B8-870C-19D8E62882B0}.Release|iPhone.ActiveCfg = Release|Any CPU
		{9EF28756-C906-46B8-870C-19D8E62882B0}.Release|iPhone.Build.0 = Release|Any CPU
		{9EF28756-C906-46B8-870C-19D8E62882B0}.Release|iPhoneSimulator.ActiveCfg = Release|Any CPU
		{9EF28756-C906-46B8-870C-19D8E62882B0}.Release|iPhoneSimulator.Build.0 = Release|Any CPU
		{9EF28756-C906-46B8-870C-19D8E62882B0}.Release|x64.ActiveCfg = Release|Any CPU
		{9EF28756-C906-46B8-870C-19D8E62882B0}.Release|x64.Build.0 = Release|Any CPU
		{9EF28756-C906-46B8-870C-19D8E62882B0}.Release|x86.ActiveCfg = Release|Any CPU
		{9EF28756-C906-46B8-870C-19D8E62882B0}.Release|x86.Build.0 = Release|Any CPU
		{4B699CDF-EA27-4B99-B821-E223FF6742BC}.Ad-Hoc|Any CPU.ActiveCfg = Release|x86
		{4B699CDF-EA27-4B99-B821-E223FF6742BC}.Ad-Hoc|Any CPU.Build.0 = Release|x86
		{4B699CDF-EA27-4B99-B821-E223FF6742BC}.Ad-Hoc|Any CPU.Deploy.0 = Release|x86
		{4B699CDF-EA27-4B99-B821-E223FF6742BC}.Ad-Hoc|ARM.ActiveCfg = Release|ARM
		{4B699CDF-EA27-4B99-B821-E223FF6742BC}.Ad-Hoc|ARM.Build.0 = Release|ARM
		{4B699CDF-EA27-4B99-B821-E223FF6742BC}.Ad-Hoc|ARM.Deploy.0 = Release|ARM
		{4B699CDF-EA27-4B99-B821-E223FF6742BC}.Ad-Hoc|iPhone.ActiveCfg = Release|x86
		{4B699CDF-EA27-4B99-B821-E223FF6742BC}.Ad-Hoc|iPhone.Build.0 = Release|x86
		{4B699CDF-EA27-4B99-B821-E223FF6742BC}.Ad-Hoc|iPhone.Deploy.0 = Release|x86
		{4B699CDF-EA27-4B99-B821-E223FF6742BC}.Ad-Hoc|iPhoneSimulator.ActiveCfg = Release|x86
		{4B699CDF-EA27-4B99-B821-E223FF6742BC}.Ad-Hoc|iPhoneSimulator.Build.0 = Release|x86
		{4B699CDF-EA27-4B99-B821-E223FF6742BC}.Ad-Hoc|iPhoneSimulator.Deploy.0 = Release|x86
		{4B699CDF-EA27-4B99-B821-E223FF6742BC}.Ad-Hoc|x64.ActiveCfg = Release|x64
		{4B699CDF-EA27-4B99-B821-E223FF6742BC}.Ad-Hoc|x64.Build.0 = Release|x64
		{4B699CDF-EA27-4B99-B821-E223FF6742BC}.Ad-Hoc|x64.Deploy.0 = Release|x64
		{4B699CDF-EA27-4B99-B821-E223FF6742BC}.Ad-Hoc|x86.ActiveCfg = Release|x86
		{4B699CDF-EA27-4B99-B821-E223FF6742BC}.Ad-Hoc|x86.Build.0 = Release|x86
		{4B699CDF-EA27-4B99-B821-E223FF6742BC}.Ad-Hoc|x86.Deploy.0 = Release|x86
		{4B699CDF-EA27-4B99-B821-E223FF6742BC}.AppStore|Any CPU.ActiveCfg = Release|x86
		{4B699CDF-EA27-4B99-B821-E223FF6742BC}.AppStore|Any CPU.Build.0 = Release|x86
		{4B699CDF-EA27-4B99-B821-E223FF6742BC}.AppStore|Any CPU.Deploy.0 = Release|x86
		{4B699CDF-EA27-4B99-B821-E223FF6742BC}.AppStore|ARM.ActiveCfg = Release|ARM
		{4B699CDF-EA27-4B99-B821-E223FF6742BC}.AppStore|ARM.Build.0 = Release|ARM
		{4B699CDF-EA27-4B99-B821-E223FF6742BC}.AppStore|ARM.Deploy.0 = Release|ARM
		{4B699CDF-EA27-4B99-B821-E223FF6742BC}.AppStore|iPhone.ActiveCfg = Release|x86
		{4B699CDF-EA27-4B99-B821-E223FF6742BC}.AppStore|iPhone.Build.0 = Release|x86
		{4B699CDF-EA27-4B99-B821-E223FF6742BC}.AppStore|iPhone.Deploy.0 = Release|x86
		{4B699CDF-EA27-4B99-B821-E223FF6742BC}.AppStore|iPhoneSimulator.ActiveCfg = Release|x86
		{4B699CDF-EA27-4B99-B821-E223FF6742BC}.AppStore|iPhoneSimulator.Build.0 = Release|x86
		{4B699CDF-EA27-4B99-B821-E223FF6742BC}.AppStore|iPhoneSimulator.Deploy.0 = Release|x86
		{4B699CDF-EA27-4B99-B821-E223FF6742BC}.AppStore|x64.ActiveCfg = Release|x64
		{4B699CDF-EA27-4B99-B821-E223FF6742BC}.AppStore|x64.Build.0 = Release|x64
		{4B699CDF-EA27-4B99-B821-E223FF6742BC}.AppStore|x64.Deploy.0 = Release|x64
		{4B699CDF-EA27-4B99-B821-E223FF6742BC}.AppStore|x86.ActiveCfg = Release|x86
		{4B699CDF-EA27-4B99-B821-E223FF6742BC}.AppStore|x86.Build.0 = Release|x86
		{4B699CDF-EA27-4B99-B821-E223FF6742BC}.AppStore|x86.Deploy.0 = Release|x86
		{4B699CDF-EA27-4B99-B821-E223FF6742BC}.Debug|Any CPU.ActiveCfg = Debug|x86
		{4B699CDF-EA27-4B99-B821-E223FF6742BC}.Debug|ARM.ActiveCfg = Debug|ARM
		{4B699CDF-EA27-4B99-B821-E223FF6742BC}.Debug|ARM.Build.0 = Debug|ARM
		{4B699CDF-EA27-4B99-B821-E223FF6742BC}.Debug|ARM.Deploy.0 = Debug|ARM
		{4B699CDF-EA27-4B99-B821-E223FF6742BC}.Debug|iPhone.ActiveCfg = Debug|x86
		{4B699CDF-EA27-4B99-B821-E223FF6742BC}.Debug|iPhoneSimulator.ActiveCfg = Debug|x86
		{4B699CDF-EA27-4B99-B821-E223FF6742BC}.Debug|x64.ActiveCfg = Debug|x64
		{4B699CDF-EA27-4B99-B821-E223FF6742BC}.Debug|x64.Build.0 = Debug|x64
		{4B699CDF-EA27-4B99-B821-E223FF6742BC}.Debug|x64.Deploy.0 = Debug|x64
		{4B699CDF-EA27-4B99-B821-E223FF6742BC}.Debug|x86.ActiveCfg = Debug|x86
		{4B699CDF-EA27-4B99-B821-E223FF6742BC}.Debug|x86.Build.0 = Debug|x86
		{4B699CDF-EA27-4B99-B821-E223FF6742BC}.Debug|x86.Deploy.0 = Debug|x86
		{4B699CDF-EA27-4B99-B821-E223FF6742BC}.Release|Any CPU.ActiveCfg = Release|x86
		{4B699CDF-EA27-4B99-B821-E223FF6742BC}.Release|ARM.ActiveCfg = Release|ARM
		{4B699CDF-EA27-4B99-B821-E223FF6742BC}.Release|ARM.Build.0 = Release|ARM
		{4B699CDF-EA27-4B99-B821-E223FF6742BC}.Release|ARM.Deploy.0 = Release|ARM
		{4B699CDF-EA27-4B99-B821-E223FF6742BC}.Release|iPhone.ActiveCfg = Release|x86
		{4B699CDF-EA27-4B99-B821-E223FF6742BC}.Release|iPhoneSimulator.ActiveCfg = Release|x86
		{4B699CDF-EA27-4B99-B821-E223FF6742BC}.Release|x64.ActiveCfg = Release|x64
		{4B699CDF-EA27-4B99-B821-E223FF6742BC}.Release|x64.Build.0 = Release|x64
		{4B699CDF-EA27-4B99-B821-E223FF6742BC}.Release|x64.Deploy.0 = Release|x64
		{4B699CDF-EA27-4B99-B821-E223FF6742BC}.Release|x86.ActiveCfg = Release|x86
		{4B699CDF-EA27-4B99-B821-E223FF6742BC}.Release|x86.Build.0 = Release|x86
		{4B699CDF-EA27-4B99-B821-E223FF6742BC}.Release|x86.Deploy.0 = Release|x86
		{76A151E2-4F0C-4E52-9CD2-09CF3BA5E53B}.Ad-Hoc|Any CPU.ActiveCfg = Ad-Hoc|iPhone
		{76A151E2-4F0C-4E52-9CD2-09CF3BA5E53B}.Ad-Hoc|ARM.ActiveCfg = Ad-Hoc|iPhone
		{76A151E2-4F0C-4E52-9CD2-09CF3BA5E53B}.Ad-Hoc|iPhone.ActiveCfg = Ad-Hoc|iPhone
		{76A151E2-4F0C-4E52-9CD2-09CF3BA5E53B}.Ad-Hoc|iPhone.Build.0 = Ad-Hoc|iPhone
		{76A151E2-4F0C-4E52-9CD2-09CF3BA5E53B}.Ad-Hoc|iPhoneSimulator.ActiveCfg = Ad-Hoc|iPhoneSimulator
		{76A151E2-4F0C-4E52-9CD2-09CF3BA5E53B}.Ad-Hoc|iPhoneSimulator.Build.0 = Ad-Hoc|iPhoneSimulator
		{76A151E2-4F0C-4E52-9CD2-09CF3BA5E53B}.Ad-Hoc|x64.ActiveCfg = Ad-Hoc|iPhone
		{76A151E2-4F0C-4E52-9CD2-09CF3BA5E53B}.Ad-Hoc|x86.ActiveCfg = Ad-Hoc|iPhone
		{76A151E2-4F0C-4E52-9CD2-09CF3BA5E53B}.AppStore|Any CPU.ActiveCfg = AppStore|iPhone
		{76A151E2-4F0C-4E52-9CD2-09CF3BA5E53B}.AppStore|ARM.ActiveCfg = AppStore|iPhone
		{76A151E2-4F0C-4E52-9CD2-09CF3BA5E53B}.AppStore|iPhone.ActiveCfg = AppStore|iPhone
		{76A151E2-4F0C-4E52-9CD2-09CF3BA5E53B}.AppStore|iPhone.Build.0 = AppStore|iPhone
		{76A151E2-4F0C-4E52-9CD2-09CF3BA5E53B}.AppStore|iPhoneSimulator.ActiveCfg = AppStore|iPhoneSimulator
		{76A151E2-4F0C-4E52-9CD2-09CF3BA5E53B}.AppStore|iPhoneSimulator.Build.0 = AppStore|iPhoneSimulator
		{76A151E2-4F0C-4E52-9CD2-09CF3BA5E53B}.AppStore|x64.ActiveCfg = AppStore|iPhone
		{76A151E2-4F0C-4E52-9CD2-09CF3BA5E53B}.AppStore|x86.ActiveCfg = AppStore|iPhone
		{76A151E2-4F0C-4E52-9CD2-09CF3BA5E53B}.Debug|Any CPU.ActiveCfg = Debug|iPhone
		{76A151E2-4F0C-4E52-9CD2-09CF3BA5E53B}.Debug|ARM.ActiveCfg = Debug|iPhone
		{76A151E2-4F0C-4E52-9CD2-09CF3BA5E53B}.Debug|iPhone.ActiveCfg = Debug|iPhone
		{76A151E2-4F0C-4E52-9CD2-09CF3BA5E53B}.Debug|iPhone.Build.0 = Debug|iPhone
		{76A151E2-4F0C-4E52-9CD2-09CF3BA5E53B}.Debug|iPhoneSimulator.ActiveCfg = Debug|iPhoneSimulator
		{76A151E2-4F0C-4E52-9CD2-09CF3BA5E53B}.Debug|iPhoneSimulator.Build.0 = Debug|iPhoneSimulator
		{76A151E2-4F0C-4E52-9CD2-09CF3BA5E53B}.Debug|x64.ActiveCfg = Debug|iPhone
		{76A151E2-4F0C-4E52-9CD2-09CF3BA5E53B}.Debug|x86.ActiveCfg = Debug|iPhone
		{76A151E2-4F0C-4E52-9CD2-09CF3BA5E53B}.Release|Any CPU.ActiveCfg = Release|iPhone
		{76A151E2-4F0C-4E52-9CD2-09CF3BA5E53B}.Release|ARM.ActiveCfg = Release|iPhone
		{76A151E2-4F0C-4E52-9CD2-09CF3BA5E53B}.Release|iPhone.ActiveCfg = Release|iPhone
		{76A151E2-4F0C-4E52-9CD2-09CF3BA5E53B}.Release|iPhone.Build.0 = Release|iPhone
		{76A151E2-4F0C-4E52-9CD2-09CF3BA5E53B}.Release|iPhoneSimulator.ActiveCfg = Release|iPhoneSimulator
		{76A151E2-4F0C-4E52-9CD2-09CF3BA5E53B}.Release|iPhoneSimulator.Build.0 = Release|iPhoneSimulator
		{76A151E2-4F0C-4E52-9CD2-09CF3BA5E53B}.Release|x64.ActiveCfg = Release|iPhone
		{76A151E2-4F0C-4E52-9CD2-09CF3BA5E53B}.Release|x86.ActiveCfg = Release|iPhone
	EndGlobalSection
	GlobalSection(SolutionProperties) = preSolution
		HideSolutionNode = FALSE
	EndGlobalSection
	GlobalSection(ExtensibilityGlobals) = postSolution
		SolutionGuid = {2A732F9F-D4AC-464C-9323-F21D77828A2B}
	EndGlobalSection
EndGlobal
